
Microsoft Visual Studio Solution File, Format Version 12.00
# Visual Studio Version 17
VisualStudioVersion = 17.11.35327.3
MinimumVisualStudioVersion = 10.0.40219.1
Project("{2150E333-8FDC-42A3-9474-1A3956D46DE8}") = "src", "src", "{E17AD966-6B6A-45AB-8824-5DE8784E82B5}"
EndProject
Project("{FAE04EC0-301F-11D3-BF4B-00C04F79EFBC}") = "ClaudeDbQueryService", "src\ClaudeDbQueryService\ClaudeDbQueryService.csproj", "{D6C635A0-5BD9-4198-8245-36C3660773B5}"
EndProject
Project("{FAE04EC0-301F-11D3-BF4B-00C04F79EFBC}") = "ClaudeDbQueryServiceTest", "src\ClaudeDbQueryServiceTest\ClaudeDbQueryServiceTest.csproj", "{497CE30E-D5BF-49BF-B1D8-F25F1301627B}"
EndProject
Global
	GlobalSection(SolutionConfigurationPlatforms) = preSolution
		Debug|Any CPU = Debug|Any CPU
		Release|Any CPU = Release|Any CPU
	EndGlobalSection
	GlobalSection(ProjectConfigurationPlatforms) = postSolution
		{D6C635A0-5BD9-4198-8245-36C3660773B5}.Debug|Any CPU.ActiveCfg = Debug|Any CPU
		{D6C635A0-5BD9-4198-8245-36C3660773B5}.Debug|Any CPU.Build.0 = Debug|Any CPU
		{D6C635A0-5BD9-4198-8245-36C3660773B5}.Release|Any CPU.ActiveCfg = Release|Any CPU
		{D6C635A0-5BD9-4198-8245-36C3660773B5}.Release|Any CPU.Build.0 = Release|Any CPU
		{497CE30E-D5BF-49BF-B1D8-F25F1301627B}.Debug|Any CPU.ActiveCfg = Debug|Any CPU
		{497CE30E-D5BF-49BF-B1D8-F25F1301627B}.Debug|Any CPU.Build.0 = Debug|Any CPU
		{497CE30E-D5BF-49BF-B1D8-F25F1301627B}.Release|Any CPU.ActiveCfg = Release|Any CPU
		{497CE30E-D5BF-49BF-B1D8-F25F1301627B}.Release|Any CPU.Build.0 = Release|Any CPU
	EndGlobalSection
	GlobalSection(SolutionProperties) = preSolution
		HideSolutionNode = FALSE
	EndGlobalSection
	GlobalSection(NestedProjects) = preSolution
		{D6C635A0-5BD9-4198-8245-36C3660773B5} = {E17AD966-6B6A-45AB-8824-5DE8784E82B5}
		{497CE30E-D5BF-49BF-B1D8-F25F1301627B} = {E17AD966-6B6A-45AB-8824-5DE8784E82B5}
	EndGlobalSection
	GlobalSection(ExtensibilityGlobals) = postSolution
		SolutionGuid = {30ACA02D-726D-45E8-B7E0-586F8EAE6B0D}
	EndGlobalSection
EndGlobal